
Microsoft Visual Studio Solution File, Format Version 12.00
# Visual Studio Version 16
VisualStudioVersion = 16.0.31205.134
MinimumVisualStudioVersion = 10.0.40219.1
Project("{FAE04EC0-301F-11D3-BF4B-00C04F79EFBC}") = "fukuv0603", "fukuv0603\fukuv0603.csproj", "{6626E82C-0FEE-41AE-B24A-5B15FC592062}"
EndProject
Global
	GlobalSection(SolutionConfigurationPlatforms) = preSolution
		Debug|Any CPU = Debug|Any CPU
		Release|Any CPU = Release|Any CPU
	EndGlobalSection
	GlobalSection(ProjectConfigurationPlatforms) = postSolution
		{6626E82C-0FEE-41AE-B24A-5B15FC592062}.Debug|Any CPU.ActiveCfg = Debug|Any CPU
		{6626E82C-0FEE-41AE-B24A-5B15FC592062}.Debug|Any CPU.Build.0 = Debug|Any CPU
		{6626E82C-0FEE-41AE-B24A-5B15FC592062}.Release|Any CPU.ActiveCfg = Release|Any CPU
		{6626E82C-0FEE-41AE-B24A-5B15FC592062}.Release|Any CPU.Build.0 = Release|Any CPU
	EndGlobalSection
	GlobalSection(SolutionProperties) = preSolution
		HideSolutionNode = FALSE
	EndGlobalSection
	GlobalSection(ExtensibilityGlobals) = postSolution
		SolutionGuid = {F2DEB4A7-6AFC-48A4-A3A8-E01DA153999B}
	EndGlobalSection
EndGlobal
